
Microsoft Visual Studio Solution File, Format Version 11.00
# Visual Studio 2010
Project("{FAE04EC0-301F-11D3-BF4B-00C04F79EFBC}") = "FishNet.Codegen.Cecil", "FishNet.Codegen.Cecil.csproj", "{bdc0a32f-e51b-05bd-bf70-840520ff78f8}"
EndProject
Project("{FAE04EC0-301F-11D3-BF4B-00C04F79EFBC}") = "FishNet.Runtime", "FishNet.Runtime.csproj", "{d944a006-4ba0-2f7f-9bbe-4b6b545488fc}"
EndProject
Project("{FAE04EC0-301F-11D3-BF4B-00C04F79EFBC}") = "GameKit.Dependencies", "GameKit.Dependencies.csproj", "{27fffbbf-652b-5eb6-56b5-13e7d0233248}"
EndProject
Project("{FAE04EC0-301F-11D3-BF4B-00C04F79EFBC}") = "Assembly-CSharp-Editor", "Assembly-CSharp-Editor.csproj", "{92027a66-00a1-a4b0-78ee-b8cfc4f44e22}"
EndProject
Project("{FAE04EC0-301F-11D3-BF4B-00C04F79EFBC}") = "Assembly-CSharp", "Assembly-CSharp.csproj", "{f6d98526-cda3-e630-73e1-7fec0e6cdfaa}"
EndProject
Project("{FAE04EC0-301F-11D3-BF4B-00C04F79EFBC}") = "SimpleWebTransport", "SimpleWebTransport.csproj", "{92c85a7b-c515-ee30-62ec-d6c48230a755}"
EndProject
Project("{FAE04EC0-301F-11D3-BF4B-00C04F79EFBC}") = "Unity.FishNet.Codegen", "Unity.FishNet.Codegen.csproj", "{84be5731-aeb3-8d61-c62b-493c7cee4173}"
EndProject
Project("{FAE04EC0-301F-11D3-BF4B-00C04F79EFBC}") = "FishNet.Demos", "FishNet.Demos.csproj", "{9acb97ae-064e-f36d-0bb6-42bbee63e07e}"
EndProject
Project("{FAE04EC0-301F-11D3-BF4B-00C04F79EFBC}") = "Bayou", "Bayou.csproj", "{8f6cda49-9643-8b56-d9bd-45087571064a}"
EndProject
Global
	GlobalSection(SolutionConfigurationPlatforms) = preSolution
		Debug|Any CPU = Debug|Any CPU
	EndGlobalSection
	GlobalSection(ProjectConfigurationPlatforms) = postSolution
		{bdc0a32f-e51b-05bd-bf70-840520ff78f8}.Debug|Any CPU.ActiveCfg = Debug|Any CPU
		{bdc0a32f-e51b-05bd-bf70-840520ff78f8}.Debug|Any CPU.Build.0 = Debug|Any CPU
		{d944a006-4ba0-2f7f-9bbe-4b6b545488fc}.Debug|Any CPU.ActiveCfg = Debug|Any CPU
		{d944a006-4ba0-2f7f-9bbe-4b6b545488fc}.Debug|Any CPU.Build.0 = Debug|Any CPU
		{27fffbbf-652b-5eb6-56b5-13e7d0233248}.Debug|Any CPU.ActiveCfg = Debug|Any CPU
		{27fffbbf-652b-5eb6-56b5-13e7d0233248}.Debug|Any CPU.Build.0 = Debug|Any CPU
		{92027a66-00a1-a4b0-78ee-b8cfc4f44e22}.Debug|Any CPU.ActiveCfg = Debug|Any CPU
		{92027a66-00a1-a4b0-78ee-b8cfc4f44e22}.Debug|Any CPU.Build.0 = Debug|Any CPU
		{f6d98526-cda3-e630-73e1-7fec0e6cdfaa}.Debug|Any CPU.ActiveCfg = Debug|Any CPU
		{f6d98526-cda3-e630-73e1-7fec0e6cdfaa}.Debug|Any CPU.Build.0 = Debug|Any CPU
		{92c85a7b-c515-ee30-62ec-d6c48230a755}.Debug|Any CPU.ActiveCfg = Debug|Any CPU
		{92c85a7b-c515-ee30-62ec-d6c48230a755}.Debug|Any CPU.Build.0 = Debug|Any CPU
		{84be5731-aeb3-8d61-c62b-493c7cee4173}.Debug|Any CPU.ActiveCfg = Debug|Any CPU
		{84be5731-aeb3-8d61-c62b-493c7cee4173}.Debug|Any CPU.Build.0 = Debug|Any CPU
		{9acb97ae-064e-f36d-0bb6-42bbee63e07e}.Debug|Any CPU.ActiveCfg = Debug|Any CPU
		{9acb97ae-064e-f36d-0bb6-42bbee63e07e}.Debug|Any CPU.Build.0 = Debug|Any CPU
		{8f6cda49-9643-8b56-d9bd-45087571064a}.Debug|Any CPU.ActiveCfg = Debug|Any CPU
		{8f6cda49-9643-8b56-d9bd-45087571064a}.Debug|Any CPU.Build.0 = Debug|Any CPU
	EndGlobalSection
	GlobalSection(SolutionProperties) = preSolution
		HideSolutionNode = FALSE
	EndGlobalSection
EndGlobal
